<?xml version="1.0" encoding="UTF-8" standalone="yes" ?>
<CodeBlocks_project_file>
	<FileVersion major="1" minor="6" />
	<Project>
		<Option title="jk2mfsrv" />
		<Option pch_mode="2" />
		<Option compiler="gcc" />
		<Build>
			<Target title="Release">
				<Option output="bin/Release/libjk2mfsrv" prefix_auto="1" extension_auto="1" />
				<Option object_output="obj/Release/" />
				<Option type="3" />
				<Option compiler="gcc" />
				<Option createDefFile="1" />
				<Option createStaticLib="1" />
				<Compiler>
					<Add option="-Os" />
					<Add option="-O3" />
					<Add option="-fvisibility=hidden" />
				</Compiler>
				<Linker>
					<Add option="-s" />
				</Linker>
			</Target>
		</Build>
		<Compiler>
			<Add option="-march=i686" />
			<Add option="-m32" />
		</Compiler>
		<Linker>
			<Add option="-m32" />
			<Add library="dl" />
			<Add library="pthread" />
		</Linker>
		<Unit filename="api.cpp" />
		<Unit filename="api.h" />
		<Unit filename="common.cpp" />
		<Unit filename="common.h" />
		<Unit filename="detours.cpp" />
		<Unit filename="detours.h" />
		<Unit filename="main.cpp" />
		<Unit filename="main.h" />
		<Unit filename="mongoose.cpp" />
		<Unit filename="mongoose.h" />
		<Extensions>
			<code_completion />
			<envvars />
			<lib_finder disable_auto="1" />
			<debugger />
		</Extensions>
	</Project>
</CodeBlocks_project_file>
